
Microsoft Visual Studio Solution File, Format Version 12.00
# Visual Studio Version 17
VisualStudioVersion = 17.14.37027.9
MinimumVisualStudioVersion = 10.0.40219.1
Project("{FAE04EC0-301F-11D3-BF4B-00C04F79EFBC}") = "DataTypes-1", "DataTypes-1\DataTypes-1.csproj", "{EBBE20DA-9A08-4645-B514-F039579DD52D}"
EndProject
Project("{FAE04EC0-301F-11D3-BF4B-00C04F79EFBC}") = "DataTypes-2", "DataTypes-2\DataTypes-2.csproj", "{DC4A2A3D-5EF6-4EDD-BDE6-72C2251C84C3}"
EndProject
Project("{FAE04EC0-301F-11D3-BF4B-00C04F79EFBC}") = "OOP", "OOP\OOP.csproj", "{44F1094B-9EE4-471E-A7F6-5C43719117E1}"
EndProject
Project("{FAE04EC0-301F-11D3-BF4B-00C04F79EFBC}") = "Collections", "Collections\Collections.csproj", "{6BDA6FCF-2D74-4020-9968-F35B6B250856}"
EndProject
Project("{FAE04EC0-301F-11D3-BF4B-00C04F79EFBC}") = "CRUD", "CRUD\CRUD.csproj", "{5FF23F83-6372-4B69-A7A1-DC35316DF1B3}"
EndProject
Project("{FAE04EC0-301F-11D3-BF4B-00C04F79EFBC}") = "CinemaApp", "CinemaApp\CinemaApp.csproj", "{44AFD0BB-B749-4B2D-9BB1-25DA873ED16C}"
EndProject
Global
	GlobalSection(SolutionConfigurationPlatforms) = preSolution
		Debug|Any CPU = Debug|Any CPU
		Release|Any CPU = Release|Any CPU
	EndGlobalSection
	GlobalSection(ProjectConfigurationPlatforms) = postSolution
		{EBBE20DA-9A08-4645-B514-F039579DD52D}.Debug|Any CPU.ActiveCfg = Debug|Any CPU
		{EBBE20DA-9A08-4645-B514-F039579DD52D}.Debug|Any CPU.Build.0 = Debug|Any CPU
		{EBBE20DA-9A08-4645-B514-F039579DD52D}.Release|Any CPU.ActiveCfg = Release|Any CPU
		{EBBE20DA-9A08-4645-B514-F039579DD52D}.Release|Any CPU.Build.0 = Release|Any CPU
		{DC4A2A3D-5EF6-4EDD-BDE6-72C2251C84C3}.Debug|Any CPU.ActiveCfg = Debug|Any CPU
		{DC4A2A3D-5EF6-4EDD-BDE6-72C2251C84C3}.Debug|Any CPU.Build.0 = Debug|Any CPU
		{DC4A2A3D-5EF6-4EDD-BDE6-72C2251C84C3}.Release|Any CPU.ActiveCfg = Release|Any CPU
		{DC4A2A3D-5EF6-4EDD-BDE6-72C2251C84C3}.Release|Any CPU.Build.0 = Release|Any CPU
		{44F1094B-9EE4-471E-A7F6-5C43719117E1}.Debug|Any CPU.ActiveCfg = Debug|Any CPU
		{44F1094B-9EE4-471E-A7F6-5C43719117E1}.Debug|Any CPU.Build.0 = Debug|Any CPU
		{44F1094B-9EE4-471E-A7F6-5C43719117E1}.Release|Any CPU.ActiveCfg = Release|Any CPU
		{44F1094B-9EE4-471E-A7F6-5C43719117E1}.Release|Any CPU.Build.0 = Release|Any CPU
		{6BDA6FCF-2D74-4020-9968-F35B6B250856}.Debug|Any CPU.ActiveCfg = Debug|Any CPU
		{6BDA6FCF-2D74-4020-9968-F35B6B250856}.Debug|Any CPU.Build.0 = Debug|Any CPU
		{6BDA6FCF-2D74-4020-9968-F35B6B250856}.Release|Any CPU.ActiveCfg = Release|Any CPU
		{6BDA6FCF-2D74-4020-9968-F35B6B250856}.Release|Any CPU.Build.0 = Release|Any CPU
		{5FF23F83-6372-4B69-A7A1-DC35316DF1B3}.Debug|Any CPU.ActiveCfg = Debug|Any CPU
		{5FF23F83-6372-4B69-A7A1-DC35316DF1B3}.Debug|Any CPU.Build.0 = Debug|Any CPU
		{5FF23F83-6372-4B69-A7A1-DC35316DF1B3}.Release|Any CPU.ActiveCfg = Release|Any CPU
		{5FF23F83-6372-4B69-A7A1-DC35316DF1B3}.Release|Any CPU.Build.0 = Release|Any CPU
		{44AFD0BB-B749-4B2D-9BB1-25DA873ED16C}.Debug|Any CPU.ActiveCfg = Debug|Any CPU
		{44AFD0BB-B749-4B2D-9BB1-25DA873ED16C}.Debug|Any CPU.Build.0 = Debug|Any CPU
		{44AFD0BB-B749-4B2D-9BB1-25DA873ED16C}.Release|Any CPU.ActiveCfg = Release|Any CPU
		{44AFD0BB-B749-4B2D-9BB1-25DA873ED16C}.Release|Any CPU.Build.0 = Release|Any CPU
	EndGlobalSection
	GlobalSection(SolutionProperties) = preSolution
		HideSolutionNode = FALSE
	EndGlobalSection
	GlobalSection(ExtensibilityGlobals) = postSolution
		SolutionGuid = {8E2CA4B1-0838-4E80-ADCD-8B4141C865B7}
	EndGlobalSection
EndGlobal
